// !$*UTF8*$!
{
	archiveVersion = 1;
	classes = {
	};
	objectVersion = 56;
	objects = {

/* Begin PBXBuildFile section */
		4EEFBC982AF8CB0C00AE797D /* main.swift in Sources */ = {isa = PBXBuildFile; fileRef = 4EEFBC972AF8CB0C00AE797D /* main.swift */; };
		4EEFBC9F2AF8CB4100AE797D /* OperatingSystem.swift in Sources */ = {isa = PBXBuildFile; fileRef = 4EEFBC9E2AF8CB4100AE797D /* OperatingSystem.swift */; };
		4EEFBCA12AF8CF0700AE797D /* Mac.swift in Sources */ = {isa = PBXBuildFile; fileRef = 4EEFBCA02AF8CF0700AE797D /* Mac.swift */; };
		4EEFBCA32AF8D24500AE797D /* Windows.swift in Sources */ = {isa = PBXBuildFile; fileRef = 4EEFBCA22AF8D24500AE797D /* Windows.swift */; };
		4EEFBCA52AF8D46D00AE797D /* Linux.swift in Sources */ = {isa = PBXBuildFile; fileRef = 4EEFBCA42AF8D46D00AE797D /* Linux.swift */; };
		4EEFBCA72AF8D54700AE797D /* Android.swift in Sources */ = {isa = PBXBuildFile; fileRef = 4EEFBCA62AF8D54700AE797D /* Android.swift */; };
/* End PBXBuildFile section */

/* Begin PBXCopyFilesBuildPhase section */
		4EEFBC922AF8CB0C00AE797D /* CopyFiles */ = {
			isa = PBXCopyFilesBuildPhase;
			buildActionMask = 2147483647;
			dstPath = /usr/share/man/man1/;
			dstSubfolderSpec = 0;
			files = (
			);
			runOnlyForDeploymentPostprocessing = 1;
		};
/* End PBXCopyFilesBuildPhase section */

/* Begin PBXFileReference section */
		4EEFBC942AF8CB0C00AE797D /* PraUTS */ = {isa = PBXFileReference; explicitFileType = "compiled.mach-o.executable"; includeInIndex = 0; path = PraUTS; sourceTree = BUILT_PRODUCTS_DIR; };
		4EEFBC972AF8CB0C00AE797D /* main.swift */ = {isa = PBXFileReference; lastKnownFileType = sourcecode.swift; path = main.swift; sourceTree = "<group>"; };
		4EEFBC9E2AF8CB4100AE797D /* OperatingSystem.swift */ = {isa = PBXFileReference; lastKnownFileType = sourcecode.swift; path = OperatingSystem.swift; sourceTree = "<group>"; };
		4EEFBCA02AF8CF0700AE797D /* Mac.swift */ = {isa = PBXFileReference; lastKnownFileType = sourcecode.swift; path = Mac.swift; sourceTree = "<group>"; };
		4EEFBCA22AF8D24500AE797D /* Windows.swift */ = {isa = PBXFileReference; lastKnownFileType = sourcecode.swift; path = Windows.swift; sourceTree = "<group>"; };
		4EEFBCA42AF8D46D00AE797D /* Linux.swift */ = {isa = PBXFileReference; lastKnownFileType = sourcecode.swift; path = Linux.swift; sourceTree = "<group>"; };
		4EEFBCA62AF8D54700AE797D /* Android.swift */ = {isa = PBXFileReference; lastKnownFileType = sourcecode.swift; path = Android.swift; sourceTree = "<group>"; };
/* End PBXFileReference section */

/* Begin PBXFrameworksBuildPhase section */
		4EEFBC912AF8CB0C00AE797D /* Frameworks */ = {
			isa = PBXFrameworksBuildPhase;
			buildActionMask = 2147483647;
			files = (
			);
			runOnlyForDeploymentPostprocessing = 0;
		};
/* End PBXFrameworksBuildPhase section */

/* Begin PBXGroup section */
		4EEFBC8B2AF8CB0C00AE797D = {
			isa = PBXGroup;
			children = (
				4EEFBC962AF8CB0C00AE797D /* PraUTS */,
				4EEFBC952AF8CB0C00AE797D /* Products */,
			);
			sourceTree = "<group>";
		};
		4EEFBC952AF8CB0C00AE797D /* Products */ = {
			isa = PBXGroup;
			children = (
				4EEFBC942AF8CB0C00AE797D /* PraUTS */,
			);
			name = Products;
			sourceTree = "<group>";
		};
		4EEFBC962AF8CB0C00AE797D /* PraUTS */ = {
			isa = PBXGroup;
			children = (
				4EEFBC972AF8CB0C00AE797D /* main.swift */,
				4EEFBC9E2AF8CB4100AE797D /* OperatingSystem.swift */,
				4EEFBCA02AF8CF0700AE797D /* Mac.swift */,
				4EEFBCA22AF8D24500AE797D /* Windows.swift */,
				4EEFBCA42AF8D46D00AE797D /* Linux.swift */,
				4EEFBCA62AF8D54700AE797D /* Android.swift */,
			);
			path = PraUTS;
			sourceTree = "<group>";
		};
/* End PBXGroup section */

/* Begin PBXNativeTarget section */
		4EEFBC932AF8CB0C00AE797D /* PraUTS */ = {
			isa = PBXNativeTarget;
			buildConfigurationList = 4EEFBC9B2AF8CB0C00AE797D /* Build configuration list for PBXNativeTarget "PraUTS" */;
			buildPhases = (
				4EEFBC902AF8CB0C00AE797D /* Sources */,
				4EEFBC912AF8CB0C00AE797D /* Frameworks */,
				4EEFBC922AF8CB0C00AE797D /* CopyFiles */,
			);
			buildRules = (
			);
			dependencies = (
			);
			name = PraUTS;
			productName = PraUTS;
			productReference = 4EEFBC942AF8CB0C00AE797D /* PraUTS */;
			productType = "com.apple.product-type.tool";
		};
/* End PBXNativeTarget section */

/* Begin PBXProject section */
		4EEFBC8C2AF8CB0C00AE797D /* Project object */ = {
			isa = PBXProject;
			attributes = {
				BuildIndependentTargetsInParallel = 1;
				LastSwiftUpdateCheck = 1500;
				LastUpgradeCheck = 1500;
				TargetAttributes = {
					4EEFBC932AF8CB0C00AE797D = {
						CreatedOnToolsVersion = 15.0.1;
					};
				};
			};
			buildConfigurationList = 4EEFBC8F2AF8CB0C00AE797D /* Build configuration list for PBXProject "PraUTS" */;
			compatibilityVersion = "Xcode 14.0";
			developmentRegion = en;
			hasScannedForEncodings = 0;
			knownRegions = (
				en,
				Base,
			);
			mainGroup = 4EEFBC8B2AF8CB0C00AE797D;
			productRefGroup = 4EEFBC952AF8CB0C00AE797D /* Products */;
			projectDirPath = "";
			projectRoot = "";
			targets = (
				4EEFBC932AF8CB0C00AE797D /* PraUTS */,
			);
		};
/* End PBXProject section */

/* Begin PBXSourcesBuildPhase section */
		4EEFBC902AF8CB0C00AE797D /* Sources */ = {
			isa = PBXSourcesBuildPhase;
			buildActionMask = 2147483647;
			files = (
				4EEFBC9F2AF8CB4100AE797D /* OperatingSystem.swift in Sources */,
				4EEFBCA72AF8D54700AE797D /* Android.swift in Sources */,
				4EEFBCA12AF8CF0700AE797D /* Mac.swift in Sources */,
				4EEFBC982AF8CB0C00AE797D /* main.swift in Sources */,
				4EEFBCA32AF8D24500AE797D /* Windows.swift in Sources */,
				4EEFBCA52AF8D46D00AE797D /* Linux.swift in Sources */,
			);
			runOnlyForDeploymentPostprocessing = 0;
		};
/* End PBXSourcesBuildPhase section */

/* Begin XCBuildConfiguration section */
		4EEFBC992AF8CB0C00AE797D /* Debug */ = {
			isa = XCBuildConfiguration;
			buildSettings = {
				ALWAYS_SEARCH_USER_PATHS = NO;
				ASSETCATALOG_COMPILER_GENERATE_SWIFT_ASSET_SYMBOL_EXTENSIONS = YES;
				CLANG_ANALYZER_NONNULL = YES;
				CLANG_ANALYZER_NUMBER_OBJECT_CONVERSION = YES_AGGRESSIVE;
				CLANG_CXX_LANGUAGE_STANDARD = "gnu++20";
				CLANG_ENABLE_MODULES = YES;
				CLANG_ENABLE_OBJC_ARC = YES;
				CLANG_ENABLE_OBJC_WEAK = YES;
				CLANG_WARN_BLOCK_CAPTURE_AUTORELEASING = YES;
				CLANG_WARN_BOOL_CONVERSION = YES;
				CLANG_WARN_COMMA = YES;
				CLANG_WARN_CONSTANT_CONVERSION = YES;
				CLANG_WARN_DEPRECATED_OBJC_IMPLEMENTATIONS = YES;
				CLANG_WARN_DIRECT_OBJC_ISA_USAGE = YES_ERROR;
				CLANG_WARN_DOCUMENTATION_COMMENTS = YES;
				CLANG_WARN_EMPTY_BODY = YES;
				CLANG_WARN_ENUM_CONVERSION = YES;
				CLANG_WARN_INFINITE_RECURSION = YES;
				CLANG_WARN_INT_CONVERSION = YES;
				CLANG_WARN_NON_LITERAL_NULL_CONVERSION = YES;
				CLANG_WARN_OBJC_IMPLICIT_RETAIN_SELF = YES;
				CLANG_WARN_OBJC_LITERAL_CONVERSION = YES;
				CLANG_WARN_OBJC_ROOT_CLASS = YES_ERROR;
				CLANG_WARN_QUOTED_INCLUDE_IN_FRAMEWORK_HEADER = YES;
				CLANG_WARN_RANGE_LOOP_ANALYSIS = YES;
				CLANG_WARN_STRICT_PROTOTYPES = YES;
				CLANG_WARN_SUSPICIOUS_MOVE = YES;
				CLANG_WARN_UNGUARDED_AVAILABILITY = YES_AGGRESSIVE;
				CLANG_WARN_UNREACHABLE_CODE = YES;
				CLANG_WARN__DUPLICATE_METHOD_MATCH = YES;
				COPY_PHASE_STRIP = NO;
				DEBUG_INFORMATION_FORMAT = dwarf;
				ENABLE_STRICT_OBJC_MSGSEND = YES;
				ENABLE_TESTABILITY = YES;
				ENABLE_USER_SCRIPT_SANDBOXING = YES;
				GCC_C_LANGUAGE_STANDARD = gnu17;
				GCC_DYNAMIC_NO_PIC = NO;
				GCC_NO_COMMON_BLOCKS = YES;
				GCC_OPTIMIZATION_LEVEL = 0;
				GCC_PREPROCESSOR_DEFINITIONS = (
					"DEBUG=1",
					"$(inherited)",
				);
				GCC_WARN_64_TO_32_BIT_CONVERSION = YES;
				GCC_WARN_ABOUT_RETURN_TYPE = YES_ERROR;
				GCC_WARN_UNDECLARED_SELECTOR = YES;
				GCC_WARN_UNINITIALIZED_AUTOS = YES_AGGRESSIVE;
				GCC_WARN_UNUSED_FUNCTION = YES;
				GCC_WARN_UNUSED_VARIABLE = YES;
				LOCALIZATION_PREFERS_STRING_CATALOGS = YES;
				MACOSX_DEPLOYMENT_TARGET = 14.0;
				MTL_ENABLE_DEBUG_INFO = INCLUDE_SOURCE;
				MTL_FAST_MATH = YES;
				ONLY_ACTIVE_ARCH = YES;
				SDKROOT = macosx;
				SWIFT_ACTIVE_COMPILATION_CONDITIONS = "DEBUG $(inherited)";
				SWIFT_OPTIMIZATION_LEVEL = "-Onone";
			};
			name = Debug;
		};
		4EEFBC9A2AF8CB0C00AE797D /* Release */ = {
			isa = XCBuildConfiguration;
			buildSettings = {
				ALWAYS_SEARCH_USER_PATHS = NO;
				ASSETCATALOG_COMPILER_GENERATE_SWIFT_ASSET_SYMBOL_EXTENSIONS = YES;
				CLANG_ANALYZER_NONNULL = YES;
				CLANG_ANALYZER_NUMBER_OBJECT_CONVERSION = YES_AGGRESSIVE;
				CLANG_CXX_LANGUAGE_STANDARD = "gnu++20";
				CLANG_ENABLE_MODULES = YES;
				CLANG_ENABLE_OBJC_ARC = YES;
				CLANG_ENABLE_OBJC_WEAK = YES;
				CLANG_WARN_BLOCK_CAPTURE_AUTORELEASING = YES;
				CLANG_WARN_BOOL_CONVERSION = YES;
				CLANG_WARN_COMMA = YES;
				CLANG_WARN_CONSTANT_CONVERSION = YES;
				CLANG_WARN_DEPRECATED_OBJC_IMPLEMENTATIONS = YES;
				CLANG_WARN_DIRECT_OBJC_ISA_USAGE = YES_ERROR;
				CLANG_WARN_DOCUMENTATION_COMMENTS = YES;
				CLANG_WARN_EMPTY_BODY = YES;
				CLANG_WARN_ENUM_CONVERSION = YES;
				CLANG_WARN_INFINITE_RECURSION = YES;
				CLANG_WARN_INT_CONVERSION = YES;
				CLANG_WARN_NON_LITERAL_NULL_CONVERSION = YES;
				CLANG_WARN_OBJC_IMPLICIT_RETAIN_SELF = YES;
				CLANG_WARN_OBJC_LITERAL_CONVERSION = YES;
				CLANG_WARN_OBJC_ROOT_CLASS = YES_ERROR;
				CLANG_WARN_QUOTED_INCLUDE_IN_FRAMEWORK_HEADER = YES;
				CLANG_WARN_RANGE_LOOP_ANALYSIS = YES;
				CLANG_WARN_STRICT_PROTOTYPES = YES;
				CLANG_WARN_SUSPICIOUS_MOVE = YES;
				CLANG_WARN_UNGUARDED_AVAILABILITY = YES_AGGRESSIVE;
				CLANG_WARN_UNREACHABLE_CODE = YES;
				CLANG_WARN__DUPLICATE_METHOD_MATCH = YES;
				COPY_PHASE_STRIP = NO;
				DEBUG_INFORMATION_FORMAT = "dwarf-with-dsym";
				ENABLE_NS_ASSERTIONS = NO;
				ENABLE_STRICT_OBJC_MSGSEND = YES;
				ENABLE_USER_SCRIPT_SANDBOXING = YES;
				GCC_C_LANGUAGE_STANDARD = gnu17;
				GCC_NO_COMMON_BLOCKS = YES;
				GCC_WARN_64_TO_32_BIT_CONVERSION = YES;
				GCC_WARN_ABOUT_RETURN_TYPE = YES_ERROR;
				GCC_WARN_UNDECLARED_SELECTOR = YES;
				GCC_WARN_UNINITIALIZED_AUTOS = YES_AGGRESSIVE;
				GCC_WARN_UNUSED_FUNCTION = YES;
				GCC_WARN_UNUSED_VARIABLE = YES;
				LOCALIZATION_PREFERS_STRING_CATALOGS = YES;
				MACOSX_DEPLOYMENT_TARGET = 14.0;
				MTL_ENABLE_DEBUG_INFO = NO;
				MTL_FAST_MATH = YES;
				SDKROOT = macosx;
				SWIFT_COMPILATION_MODE = wholemodule;
			};
			name = Release;
		};
		4EEFBC9C2AF8CB0C00AE797D /* Debug */ = {
			isa = XCBuildConfiguration;
			buildSettings = {
				CODE_SIGN_STYLE = Automatic;
				DEVELOPMENT_TEAM = CA3TQV38GP;
				ENABLE_HARDENED_RUNTIME = YES;
				PRODUCT_NAME = "$(TARGET_NAME)";
				SWIFT_VERSION = 5.0;
			};
			name = Debug;
		};
		4EEFBC9D2AF8CB0C00AE797D /* Release */ = {
			isa = XCBuildConfiguration;
			buildSettings = {
				CODE_SIGN_STYLE = Automatic;
				DEVELOPMENT_TEAM = CA3TQV38GP;
				ENABLE_HARDENED_RUNTIME = YES;
				PRODUCT_NAME = "$(TARGET_NAME)";
				SWIFT_VERSION = 5.0;
			};
			name = Release;
		};
/* End XCBuildConfiguration section */

/* Begin XCConfigurationList section */
		4EEFBC8F2AF8CB0C00AE797D /* Build configuration list for PBXProject "PraUTS" */ = {
			isa = XCConfigurationList;
			buildConfigurations = (
				4EEFBC992AF8CB0C00AE797D /* Debug */,
				4EEFBC9A2AF8CB0C00AE797D /* Release */,
			);
			defaultConfigurationIsVisible = 0;
			defaultConfigurationName = Release;
		};
		4EEFBC9B2AF8CB0C00AE797D /* Build configuration list for PBXNativeTarget "PraUTS" */ = {
			isa = XCConfigurationList;
			buildConfigurations = (
				4EEFBC9C2AF8CB0C00AE797D /* Debug */,
				4EEFBC9D2AF8CB0C00AE797D /* Release */,
			);
			defaultConfigurationIsVisible = 0;
			defaultConfigurationName = Release;
		};
/* End XCConfigurationList section */
	};
	rootObject = 4EEFBC8C2AF8CB0C00AE797D /* Project object */;
}
